<?xml version="1.0" encoding="utf-8"?>
<Project ToolsVersion="4.0" xmlns="http://schemas.microsoft.com/developer/msbuild/2003">
  <ItemGroup>
    <Filter Include="app">
      <UniqueIdentifier>{3D42C65B-7617-4E3E-AE27-2B05D366B6D7}</UniqueIdentifier>
    </Filter>
    <Filter Include="ui">
      <UniqueIdentifier>{ED578109-454D-46E4-97E9-2A9FC4359A2E}</UniqueIdentifier>
    </Filter>
    <Filter Include="infra">
      <UniqueIdentifier>{9D8E0C81-09E8-42A3-AEC6-7D1D92F3A8E4}</UniqueIdentifier>
    </Filter>
    <Filter Include="platform">
      <UniqueIdentifier>{9E8C10CC-6F20-4C0D-8973-88EFA0CCB3D1}</UniqueIdentifier>
    </Filter>
    <Filter Include="shell">
      <UniqueIdentifier>{E3B85953-2B14-4C80-8E63-42C3C17A7F37}</UniqueIdentifier>
    </Filter>
    <Filter Include="dock">
      <UniqueIdentifier>{4EAF429B-F6B2-44A2-9587-935540478ED2}</UniqueIdentifier>
    </Filter>
  </ItemGroup>
  <ItemGroup>
    <ClInclude Include="pch.h" />
    <ClInclude Include="app\SingleInstanceGuard.h">
      <Filter>app</Filter>
    </ClInclude>
    <ClInclude Include="app\App.xaml.h">
      <Filter>app</Filter>
    </ClInclude>
    <ClInclude Include="dock\AppIdentityResolver.h">
      <Filter>dock</Filter>
    </ClInclude>
    <ClInclude Include="dock\DockModel.h">
      <Filter>dock</Filter>
    </ClInclude>
    <ClInclude Include="dock\DockStateStore.h">
      <Filter>dock</Filter>
    </ClInclude>
    <ClInclude Include="infra\AppSettings.h">
      <Filter>infra</Filter>
    </ClInclude>
    <ClInclude Include="infra\DockStateDump.h">
      <Filter>infra</Filter>
    </ClInclude>
    <ClInclude Include="infra\Logger.h">
      <Filter>infra</Filter>
    </ClInclude>
    <ClInclude Include="infra\RuntimePaths.h">
      <Filter>infra</Filter>
    </ClInclude>
    <ClInclude Include="infra\SelfCheck.h">
      <Filter>infra</Filter>
    </ClInclude>
    <ClInclude Include="platform\DockPlacement.h">
      <Filter>platform</Filter>
    </ClInclude>
    <ClInclude Include="shell\DwmPreviewHost.h">
      <Filter>shell</Filter>
    </ClInclude>
    <ClInclude Include="shell\ShellIntegration.h">
      <Filter>shell</Filter>
    </ClInclude>
    <ClInclude Include="shell\ShellTypes.h">
      <Filter>shell</Filter>
    </ClInclude>
    <ClInclude Include="ui\DockWindow.xaml.h">
      <Filter>ui</Filter>
    </ClInclude>
  </ItemGroup>
  <ItemGroup>
    <ClCompile Include="pch.cpp" />
    <ClCompile Include="main.cpp" />
    <ClCompile Include="app\SingleInstanceGuard.cpp">
      <Filter>app</Filter>
    </ClCompile>
    <ClCompile Include="app\App.xaml.cpp">
      <Filter>app</Filter>
    </ClCompile>
    <ClCompile Include="dock\AppIdentityResolver.cpp">
      <Filter>dock</Filter>
    </ClCompile>
    <ClCompile Include="dock\DockModel.cpp">
      <Filter>dock</Filter>
    </ClCompile>
    <ClCompile Include="dock\DockStateStore.cpp">
      <Filter>dock</Filter>
    </ClCompile>
    <ClCompile Include="infra\AppSettings.cpp">
      <Filter>infra</Filter>
    </ClCompile>
    <ClCompile Include="infra\DockStateDump.cpp">
      <Filter>infra</Filter>
    </ClCompile>
    <ClCompile Include="infra\Logger.cpp">
      <Filter>infra</Filter>
    </ClCompile>
    <ClCompile Include="infra\RuntimePaths.cpp">
      <Filter>infra</Filter>
    </ClCompile>
    <ClCompile Include="infra\SelfCheck.cpp">
      <Filter>infra</Filter>
    </ClCompile>
    <ClCompile Include="platform\DockPlacement.cpp">
      <Filter>platform</Filter>
    </ClCompile>
    <ClCompile Include="shell\DwmPreviewHost.cpp">
      <Filter>shell</Filter>
    </ClCompile>
    <ClCompile Include="shell\ShellIntegration.cpp">
      <Filter>shell</Filter>
    </ClCompile>
    <ClCompile Include="ui\DockWindow.xaml.cpp">
      <Filter>ui</Filter>
    </ClCompile>
  </ItemGroup>
  <ItemGroup>
    <Midl Include="app\App.idl">
      <Filter>app</Filter>
    </Midl>
    <Midl Include="ui\DockWindow.idl">
      <Filter>ui</Filter>
    </Midl>
  </ItemGroup>
  <ItemGroup>
    <ApplicationDefinition Include="app\App.xaml">
      <Filter>app</Filter>
    </ApplicationDefinition>
    <Page Include="ui\DockWindow.xaml">
      <Filter>ui</Filter>
    </Page>
  </ItemGroup>
</Project>
